# THIS IS AN AUTOGENERATED FILE. DO NOT EDIT THIS FILE DIRECTLY.
# yarn lockfile v1


"@brick-uikit/lib@^0.0.3":
  version "0.0.3"
  resolved "https://registry.yarnpkg.com/@brick-uikit/lib/-/lib-0.0.3.tgz#ca7b84c7c1a2d5f53d1d1579f455bda19948a0b2"
  integrity sha512-9Xh5jzOeh8tbsuYLk88fGAbmcKvvx6aS6d//n3YDLPx1Cv/QUqjnYTooqfiHGMVsTbCR7XeftGwpgI7V/mkqgA==
